
Microsoft Visual Studio Solution File, Format Version 12.00
# Visual Studio Version 17
VisualStudioVersion = 17.0.31903.59
MinimumVisualStudioVersion = 10.0.40219.1
Project("{2150E333-8FDC-42A3-9474-1A3956D46DE8}") = "Gateway", "Gateway", "{3476F8D1-171F-4972-B030-B5143D14D831}"
EndProject
Project("{FAE04EC0-301F-11D3-BF4B-00C04F79EFBC}") = "Gateway", "Gateway\Gateway\Gateway.csproj", "{417610E8-7C27-40F1-BB49-CF2FC05500E3}"
EndProject
Project("{2150E333-8FDC-42A3-9474-1A3956D46DE8}") = "Nucleus.Api", "Nucleus.Api", "{47294DC3-A001-44C0-92E0-603FA0FDC0AD}"
EndProject
Project("{FAE04EC0-301F-11D3-BF4B-00C04F79EFBC}") = "Nucleus.Api", "Nucleus.Api\Nucleus.Api\Nucleus.Api.csproj", "{4C595490-6E5E-45BF-BB35-4D4752C0BF7A}"
EndProject
Project("{2150E333-8FDC-42A3-9474-1A3956D46DE8}") = "Nucleus.Databases", "Nucleus.Databases", "{A36AFE4B-7D68-474C-A1AC-38D0A4AEBF43}"
EndProject
Project("{FAE04EC0-301F-11D3-BF4B-00C04F79EFBC}") = "Nucleus.Databases", "Nucleus.Databases\Nucleus.Databases\Nucleus.Databases.csproj", "{6FA459F8-0646-4EAB-8395-2B111EFF4413}"
EndProject
Project("{2150E333-8FDC-42A3-9474-1A3956D46DE8}") = "Nucleus.Infrastructure", "Nucleus.Infrastructure", "{81FED1D0-2BF5-4D20-8D16-2A63DB7E3CB7}"
EndProject
Project("{FAE04EC0-301F-11D3-BF4B-00C04F79EFBC}") = "Nucleus.Workflow", "Nucleus.Infrastructure\INucleusWorkflow\Nucleus.Workflow.csproj", "{FA2AC56C-B453-4AEB-9FBA-8BD00000183F}"
EndProject
Project("{FAE04EC0-301F-11D3-BF4B-00C04F79EFBC}") = "Nucleus.IRepository", "Nucleus.Infrastructure\NucleusIRepository\Nucleus.IRepository.csproj", "{59E4B52A-74CF-46F6-81F8-A2897401C313}"
EndProject
Project("{FAE04EC0-301F-11D3-BF4B-00C04F79EFBC}") = "Nucleus.IWorkflow", "Nucleus.Infrastructure\NucleusIWorkflow\Nucleus.IWorkflow.csproj", "{970F5F44-7D6D-4598-953B-70C01690CE1D}"
EndProject
Project("{FAE04EC0-301F-11D3-BF4B-00C04F79EFBC}") = "Nucleus.Repository", "Nucleus.Infrastructure\NucleusRepository\Nucleus.Repository.csproj", "{B7863395-4AEE-4588-9F6D-C3A2FAD0DCA2}"
EndProject
Project("{2150E333-8FDC-42A3-9474-1A3956D46DE8}") = "Nucleus.Models", "Nucleus.Models", "{F2139871-C783-4628-B07E-AFB6CD98BC98}"
EndProject
Project("{FAE04EC0-301F-11D3-BF4B-00C04F79EFBC}") = "Nucleus.Dtos", "Nucleus.Models\Nucleus.Dtos\Nucleus.Dtos.csproj", "{17278BA0-5037-46F5-8BD4-D89D65EEABE5}"
EndProject
Project("{FAE04EC0-301F-11D3-BF4B-00C04F79EFBC}") = "Nucleus.Models", "Nucleus.Models\Nucleus.Models\Nucleus.Models.csproj", "{4687A11E-BF7F-4979-8BBB-716AC1A4C8C6}"
EndProject
Project("{2150E333-8FDC-42A3-9474-1A3956D46DE8}") = "Nucleus.Utilities", "Nucleus.Utilities", "{B34C3F3D-10C9-4780-80A1-298660C4F91D}"
EndProject
Project("{FAE04EC0-301F-11D3-BF4B-00C04F79EFBC}") = "Nucleus.Utilities", "Nucleus.Utilities\Nucleus.Utilities\Nucleus.Utilities.csproj", "{CBE2E861-BB64-4EE7-9F52-5653D30CD9EB}"
EndProject
Project("{2150E333-8FDC-42A3-9474-1A3956D46DE8}") = "Services", "Services", "{932CF740-0CB6-4EA5-B7C6-3F76BDA85652}"
EndProject
Project("{2150E333-8FDC-42A3-9474-1A3956D46DE8}") = "Auth", "Auth", "{125AC1FB-3642-4E69-8DEE-1D76B61EFED5}"
EndProject
Project("{2150E333-8FDC-42A3-9474-1A3956D46DE8}") = "src", "src", "{B2340F24-A2A5-46E1-A81C-AD3D9BF4D0FC}"
EndProject
Project("{2150E333-8FDC-42A3-9474-1A3956D46DE8}") = "Repository", "Repository", "{80ECD982-8924-4EEA-AAF1-235EDEEE37A6}"
EndProject
Project("{FAE04EC0-301F-11D3-BF4B-00C04F79EFBC}") = "Auth.IRepository", "Services\Auth\src\Repository\Auth.IRepository\Auth.IRepository.csproj", "{B13AAC04-3360-4DF6-A828-853A022EA802}"
EndProject
Project("{FAE04EC0-301F-11D3-BF4B-00C04F79EFBC}") = "Auth.Repository", "Services\Auth\src\Repository\Auth.Repository\Auth.Repository.csproj", "{4DE5DFB9-4E9C-47EF-89E3-2B668F9DB749}"
EndProject
Project("{2150E333-8FDC-42A3-9474-1A3956D46DE8}") = "Workflow", "Workflow", "{D43916A1-FD2B-453D-A8A7-75B7454C669D}"
EndProject
Project("{FAE04EC0-301F-11D3-BF4B-00C04F79EFBC}") = "Auth.IWorkflow", "Services\Auth\src\Workflow\Auth.IWorkflow\Auth.IWorkflow.csproj", "{8B5D65FB-2A63-4036-AEDD-DB9F22F6887A}"
EndProject
Project("{FAE04EC0-301F-11D3-BF4B-00C04F79EFBC}") = "Auth.Workflow", "Services\Auth\src\Workflow\Auth.Workflow\Auth.Workflow.csproj", "{933E8AB4-CC8F-479E-A768-2B175391F7F8}"
EndProject
Project("{2150E333-8FDC-42A3-9474-1A3956D46DE8}") = "Models", "Models", "{FACB8C95-AE65-4F5F-A364-A378B48070DE}"
EndProject
Project("{FAE04EC0-301F-11D3-BF4B-00C04F79EFBC}") = "Auth.Models", "Services\Auth\src\Models\Auth.Models\Auth.Models.csproj", "{A8757346-7A98-43CD-B04F-F15935144826}"
EndProject
Project("{2150E333-8FDC-42A3-9474-1A3956D46DE8}") = "Dtos", "Dtos", "{78EB03C2-57EB-4C06-8B2B-A73EF9E5803C}"
EndProject
Project("{FAE04EC0-301F-11D3-BF4B-00C04F79EFBC}") = "Auth.Dtos", "Services\Auth\src\Dtos\Auth.Dtos\Auth.Dtos.csproj", "{47F0B397-E5A3-4A15-BDFC-962790868361}"
EndProject
Project("{2150E333-8FDC-42A3-9474-1A3956D46DE8}") = "Service", "Service", "{929AA10C-720E-4600-9B39-A38964E6F72C}"
EndProject
Project("{FAE04EC0-301F-11D3-BF4B-00C04F79EFBC}") = "Auth.Service", "Services\Auth\src\Service\Auth.Service\Auth.Service.csproj", "{D7726606-B15B-481D-A562-B4BF2662D9E7}"
EndProject
Global
	GlobalSection(SolutionConfigurationPlatforms) = preSolution
		Debug|Any CPU = Debug|Any CPU
		Release|Any CPU = Release|Any CPU
	EndGlobalSection
	GlobalSection(ProjectConfigurationPlatforms) = postSolution
		{417610E8-7C27-40F1-BB49-CF2FC05500E3}.Debug|Any CPU.ActiveCfg = Debug|Any CPU
		{417610E8-7C27-40F1-BB49-CF2FC05500E3}.Debug|Any CPU.Build.0 = Debug|Any CPU
		{417610E8-7C27-40F1-BB49-CF2FC05500E3}.Release|Any CPU.ActiveCfg = Release|Any CPU
		{417610E8-7C27-40F1-BB49-CF2FC05500E3}.Release|Any CPU.Build.0 = Release|Any CPU
		{4C595490-6E5E-45BF-BB35-4D4752C0BF7A}.Debug|Any CPU.ActiveCfg = Debug|Any CPU
		{4C595490-6E5E-45BF-BB35-4D4752C0BF7A}.Debug|Any CPU.Build.0 = Debug|Any CPU
		{4C595490-6E5E-45BF-BB35-4D4752C0BF7A}.Release|Any CPU.ActiveCfg = Release|Any CPU
		{4C595490-6E5E-45BF-BB35-4D4752C0BF7A}.Release|Any CPU.Build.0 = Release|Any CPU
		{6FA459F8-0646-4EAB-8395-2B111EFF4413}.Debug|Any CPU.ActiveCfg = Debug|Any CPU
		{6FA459F8-0646-4EAB-8395-2B111EFF4413}.Debug|Any CPU.Build.0 = Debug|Any CPU
		{6FA459F8-0646-4EAB-8395-2B111EFF4413}.Release|Any CPU.ActiveCfg = Release|Any CPU
		{6FA459F8-0646-4EAB-8395-2B111EFF4413}.Release|Any CPU.Build.0 = Release|Any CPU
		{FA2AC56C-B453-4AEB-9FBA-8BD00000183F}.Debug|Any CPU.ActiveCfg = Debug|Any CPU
		{FA2AC56C-B453-4AEB-9FBA-8BD00000183F}.Debug|Any CPU.Build.0 = Debug|Any CPU
		{FA2AC56C-B453-4AEB-9FBA-8BD00000183F}.Release|Any CPU.ActiveCfg = Release|Any CPU
		{FA2AC56C-B453-4AEB-9FBA-8BD00000183F}.Release|Any CPU.Build.0 = Release|Any CPU
		{59E4B52A-74CF-46F6-81F8-A2897401C313}.Debug|Any CPU.ActiveCfg = Debug|Any CPU
		{59E4B52A-74CF-46F6-81F8-A2897401C313}.Debug|Any CPU.Build.0 = Debug|Any CPU
		{59E4B52A-74CF-46F6-81F8-A2897401C313}.Release|Any CPU.ActiveCfg = Release|Any CPU
		{59E4B52A-74CF-46F6-81F8-A2897401C313}.Release|Any CPU.Build.0 = Release|Any CPU
		{970F5F44-7D6D-4598-953B-70C01690CE1D}.Debug|Any CPU.ActiveCfg = Debug|Any CPU
		{970F5F44-7D6D-4598-953B-70C01690CE1D}.Debug|Any CPU.Build.0 = Debug|Any CPU
		{970F5F44-7D6D-4598-953B-70C01690CE1D}.Release|Any CPU.ActiveCfg = Release|Any CPU
		{970F5F44-7D6D-4598-953B-70C01690CE1D}.Release|Any CPU.Build.0 = Release|Any CPU
		{B7863395-4AEE-4588-9F6D-C3A2FAD0DCA2}.Debug|Any CPU.ActiveCfg = Debug|Any CPU
		{B7863395-4AEE-4588-9F6D-C3A2FAD0DCA2}.Debug|Any CPU.Build.0 = Debug|Any CPU
		{B7863395-4AEE-4588-9F6D-C3A2FAD0DCA2}.Release|Any CPU.ActiveCfg = Release|Any CPU
		{B7863395-4AEE-4588-9F6D-C3A2FAD0DCA2}.Release|Any CPU.Build.0 = Release|Any CPU
		{17278BA0-5037-46F5-8BD4-D89D65EEABE5}.Debug|Any CPU.ActiveCfg = Debug|Any CPU
		{17278BA0-5037-46F5-8BD4-D89D65EEABE5}.Debug|Any CPU.Build.0 = Debug|Any CPU
		{17278BA0-5037-46F5-8BD4-D89D65EEABE5}.Release|Any CPU.ActiveCfg = Release|Any CPU
		{17278BA0-5037-46F5-8BD4-D89D65EEABE5}.Release|Any CPU.Build.0 = Release|Any CPU
		{4687A11E-BF7F-4979-8BBB-716AC1A4C8C6}.Debug|Any CPU.ActiveCfg = Debug|Any CPU
		{4687A11E-BF7F-4979-8BBB-716AC1A4C8C6}.Debug|Any CPU.Build.0 = Debug|Any CPU
		{4687A11E-BF7F-4979-8BBB-716AC1A4C8C6}.Release|Any CPU.ActiveCfg = Release|Any CPU
		{4687A11E-BF7F-4979-8BBB-716AC1A4C8C6}.Release|Any CPU.Build.0 = Release|Any CPU
		{CBE2E861-BB64-4EE7-9F52-5653D30CD9EB}.Debug|Any CPU.ActiveCfg = Debug|Any CPU
		{CBE2E861-BB64-4EE7-9F52-5653D30CD9EB}.Debug|Any CPU.Build.0 = Debug|Any CPU
		{CBE2E861-BB64-4EE7-9F52-5653D30CD9EB}.Release|Any CPU.ActiveCfg = Release|Any CPU
		{CBE2E861-BB64-4EE7-9F52-5653D30CD9EB}.Release|Any CPU.Build.0 = Release|Any CPU
		{B13AAC04-3360-4DF6-A828-853A022EA802}.Debug|Any CPU.ActiveCfg = Debug|Any CPU
		{B13AAC04-3360-4DF6-A828-853A022EA802}.Debug|Any CPU.Build.0 = Debug|Any CPU
		{B13AAC04-3360-4DF6-A828-853A022EA802}.Release|Any CPU.ActiveCfg = Release|Any CPU
		{B13AAC04-3360-4DF6-A828-853A022EA802}.Release|Any CPU.Build.0 = Release|Any CPU
		{4DE5DFB9-4E9C-47EF-89E3-2B668F9DB749}.Debug|Any CPU.ActiveCfg = Debug|Any CPU
		{4DE5DFB9-4E9C-47EF-89E3-2B668F9DB749}.Debug|Any CPU.Build.0 = Debug|Any CPU
		{4DE5DFB9-4E9C-47EF-89E3-2B668F9DB749}.Release|Any CPU.ActiveCfg = Release|Any CPU
		{4DE5DFB9-4E9C-47EF-89E3-2B668F9DB749}.Release|Any CPU.Build.0 = Release|Any CPU
		{8B5D65FB-2A63-4036-AEDD-DB9F22F6887A}.Debug|Any CPU.ActiveCfg = Debug|Any CPU
		{8B5D65FB-2A63-4036-AEDD-DB9F22F6887A}.Debug|Any CPU.Build.0 = Debug|Any CPU
		{8B5D65FB-2A63-4036-AEDD-DB9F22F6887A}.Release|Any CPU.ActiveCfg = Release|Any CPU
		{8B5D65FB-2A63-4036-AEDD-DB9F22F6887A}.Release|Any CPU.Build.0 = Release|Any CPU
		{933E8AB4-CC8F-479E-A768-2B175391F7F8}.Debug|Any CPU.ActiveCfg = Debug|Any CPU
		{933E8AB4-CC8F-479E-A768-2B175391F7F8}.Debug|Any CPU.Build.0 = Debug|Any CPU
		{933E8AB4-CC8F-479E-A768-2B175391F7F8}.Release|Any CPU.ActiveCfg = Release|Any CPU
		{933E8AB4-CC8F-479E-A768-2B175391F7F8}.Release|Any CPU.Build.0 = Release|Any CPU
		{A8757346-7A98-43CD-B04F-F15935144826}.Debug|Any CPU.ActiveCfg = Debug|Any CPU
		{A8757346-7A98-43CD-B04F-F15935144826}.Debug|Any CPU.Build.0 = Debug|Any CPU
		{A8757346-7A98-43CD-B04F-F15935144826}.Release|Any CPU.ActiveCfg = Release|Any CPU
		{A8757346-7A98-43CD-B04F-F15935144826}.Release|Any CPU.Build.0 = Release|Any CPU
		{47F0B397-E5A3-4A15-BDFC-962790868361}.Debug|Any CPU.ActiveCfg = Debug|Any CPU
		{47F0B397-E5A3-4A15-BDFC-962790868361}.Debug|Any CPU.Build.0 = Debug|Any CPU
		{47F0B397-E5A3-4A15-BDFC-962790868361}.Release|Any CPU.ActiveCfg = Release|Any CPU
		{47F0B397-E5A3-4A15-BDFC-962790868361}.Release|Any CPU.Build.0 = Release|Any CPU
		{D7726606-B15B-481D-A562-B4BF2662D9E7}.Debug|Any CPU.ActiveCfg = Debug|Any CPU
		{D7726606-B15B-481D-A562-B4BF2662D9E7}.Debug|Any CPU.Build.0 = Debug|Any CPU
		{D7726606-B15B-481D-A562-B4BF2662D9E7}.Release|Any CPU.ActiveCfg = Release|Any CPU
		{D7726606-B15B-481D-A562-B4BF2662D9E7}.Release|Any CPU.Build.0 = Release|Any CPU
	EndGlobalSection
	GlobalSection(SolutionProperties) = preSolution
		HideSolutionNode = FALSE
	EndGlobalSection
	GlobalSection(NestedProjects) = preSolution
		{417610E8-7C27-40F1-BB49-CF2FC05500E3} = {3476F8D1-171F-4972-B030-B5143D14D831}
		{4C595490-6E5E-45BF-BB35-4D4752C0BF7A} = {47294DC3-A001-44C0-92E0-603FA0FDC0AD}
		{6FA459F8-0646-4EAB-8395-2B111EFF4413} = {A36AFE4B-7D68-474C-A1AC-38D0A4AEBF43}
		{FA2AC56C-B453-4AEB-9FBA-8BD00000183F} = {81FED1D0-2BF5-4D20-8D16-2A63DB7E3CB7}
		{59E4B52A-74CF-46F6-81F8-A2897401C313} = {81FED1D0-2BF5-4D20-8D16-2A63DB7E3CB7}
		{970F5F44-7D6D-4598-953B-70C01690CE1D} = {81FED1D0-2BF5-4D20-8D16-2A63DB7E3CB7}
		{B7863395-4AEE-4588-9F6D-C3A2FAD0DCA2} = {81FED1D0-2BF5-4D20-8D16-2A63DB7E3CB7}
		{17278BA0-5037-46F5-8BD4-D89D65EEABE5} = {F2139871-C783-4628-B07E-AFB6CD98BC98}
		{4687A11E-BF7F-4979-8BBB-716AC1A4C8C6} = {F2139871-C783-4628-B07E-AFB6CD98BC98}
		{CBE2E861-BB64-4EE7-9F52-5653D30CD9EB} = {B34C3F3D-10C9-4780-80A1-298660C4F91D}
		{125AC1FB-3642-4E69-8DEE-1D76B61EFED5} = {932CF740-0CB6-4EA5-B7C6-3F76BDA85652}
		{B2340F24-A2A5-46E1-A81C-AD3D9BF4D0FC} = {125AC1FB-3642-4E69-8DEE-1D76B61EFED5}
		{80ECD982-8924-4EEA-AAF1-235EDEEE37A6} = {B2340F24-A2A5-46E1-A81C-AD3D9BF4D0FC}
		{B13AAC04-3360-4DF6-A828-853A022EA802} = {80ECD982-8924-4EEA-AAF1-235EDEEE37A6}
		{4DE5DFB9-4E9C-47EF-89E3-2B668F9DB749} = {80ECD982-8924-4EEA-AAF1-235EDEEE37A6}
		{D43916A1-FD2B-453D-A8A7-75B7454C669D} = {B2340F24-A2A5-46E1-A81C-AD3D9BF4D0FC}
		{8B5D65FB-2A63-4036-AEDD-DB9F22F6887A} = {D43916A1-FD2B-453D-A8A7-75B7454C669D}
		{933E8AB4-CC8F-479E-A768-2B175391F7F8} = {D43916A1-FD2B-453D-A8A7-75B7454C669D}
		{FACB8C95-AE65-4F5F-A364-A378B48070DE} = {B2340F24-A2A5-46E1-A81C-AD3D9BF4D0FC}
		{A8757346-7A98-43CD-B04F-F15935144826} = {FACB8C95-AE65-4F5F-A364-A378B48070DE}
		{78EB03C2-57EB-4C06-8B2B-A73EF9E5803C} = {B2340F24-A2A5-46E1-A81C-AD3D9BF4D0FC}
		{47F0B397-E5A3-4A15-BDFC-962790868361} = {78EB03C2-57EB-4C06-8B2B-A73EF9E5803C}
		{929AA10C-720E-4600-9B39-A38964E6F72C} = {B2340F24-A2A5-46E1-A81C-AD3D9BF4D0FC}
		{D7726606-B15B-481D-A562-B4BF2662D9E7} = {929AA10C-720E-4600-9B39-A38964E6F72C}
	EndGlobalSection
EndGlobal
